
Microsoft Visual Studio Solution File, Format Version 12.00
# Visual Studio Version 17
VisualStudioVersion = 17.1.32414.318
MinimumVisualStudioVersion = 10.0.40219.1
Project("{FAE04EC0-301F-11D3-BF4B-00C04F79EFBC}") = "Ensek Tech Test", "Ensek Tech Test\Ensek Tech Test.csproj", "{9DDD4F54-8913-4A06-A44F-1F5DCCB97FAE}"
EndProject
Global
	GlobalSection(SolutionConfigurationPlatforms) = preSolution
		Debug|Any CPU = Debug|Any CPU
		Release|Any CPU = Release|Any CPU
	EndGlobalSection
	GlobalSection(ProjectConfigurationPlatforms) = postSolution
		{9DDD4F54-8913-4A06-A44F-1F5DCCB97FAE}.Debug|Any CPU.ActiveCfg = Debug|Any CPU
		{9DDD4F54-8913-4A06-A44F-1F5DCCB97FAE}.Debug|Any CPU.Build.0 = Debug|Any CPU
		{9DDD4F54-8913-4A06-A44F-1F5DCCB97FAE}.Release|Any CPU.ActiveCfg = Release|Any CPU
		{9DDD4F54-8913-4A06-A44F-1F5DCCB97FAE}.Release|Any CPU.Build.0 = Release|Any CPU
	EndGlobalSection
	GlobalSection(SolutionProperties) = preSolution
		HideSolutionNode = FALSE
	EndGlobalSection
	GlobalSection(ExtensibilityGlobals) = postSolution
		SolutionGuid = {177E7525-52C0-4034-A5E5-31649ABE1828}
	EndGlobalSection
EndGlobal
